
Microsoft Visual Studio Solution File, Format Version 12.00
# Visual Studio Version 16
VisualStudioVersion = 16.0.29806.167
MinimumVisualStudioVersion = 10.0.40219.1
Project("{8BC9CEB8-8B4A-11D0-8D11-00A0C91BC942}") = "Teiwazlib", "Teiwazlib\Teiwazlib.vcxproj", "{23B23C1C-E646-41F3-B2DA-20D21E7D5C99}"
EndProject
Project("{8BC9CEB8-8B4A-11D0-8D11-00A0C91BC942}") = "BubbleBobble", "BubbleBobble\BubbleBobble.vcxproj", "{1C3D60FA-15D4-46E4-8D6C-F1E7F5B5D687}"
	ProjectSection(ProjectDependencies) = postProject
		{23B23C1C-E646-41F3-B2DA-20D21E7D5C99} = {23B23C1C-E646-41F3-B2DA-20D21E7D5C99}
	EndProjectSection
EndProject
Global
	GlobalSection(SolutionConfigurationPlatforms) = preSolution
		_DEBUG|x64 = _DEBUG|x64
		_DEBUG|x86 = _DEBUG|x86
		_RELEASE|x64 = _RELEASE|x64
		_RELEASE|x86 = _RELEASE|x86
	EndGlobalSection
	GlobalSection(ProjectConfigurationPlatforms) = postSolution
		{23B23C1C-E646-41F3-B2DA-20D21E7D5C99}._DEBUG|x64.ActiveCfg = _DEBUG|x64
		{23B23C1C-E646-41F3-B2DA-20D21E7D5C99}._DEBUG|x64.Build.0 = _DEBUG|x64
		{23B23C1C-E646-41F3-B2DA-20D21E7D5C99}._DEBUG|x86.ActiveCfg = _DEBUG|Win32
		{23B23C1C-E646-41F3-B2DA-20D21E7D5C99}._DEBUG|x86.Build.0 = _DEBUG|Win32
		{23B23C1C-E646-41F3-B2DA-20D21E7D5C99}._RELEASE|x64.ActiveCfg = _RELEASE|x64
		{23B23C1C-E646-41F3-B2DA-20D21E7D5C99}._RELEASE|x64.Build.0 = _RELEASE|x64
		{23B23C1C-E646-41F3-B2DA-20D21E7D5C99}._RELEASE|x86.ActiveCfg = _RELEASE|Win32
		{23B23C1C-E646-41F3-B2DA-20D21E7D5C99}._RELEASE|x86.Build.0 = _RELEASE|Win32
		{1C3D60FA-15D4-46E4-8D6C-F1E7F5B5D687}._DEBUG|x64.ActiveCfg = _DEBUG|x64
		{1C3D60FA-15D4-46E4-8D6C-F1E7F5B5D687}._DEBUG|x64.Build.0 = _DEBUG|x64
		{1C3D60FA-15D4-46E4-8D6C-F1E7F5B5D687}._DEBUG|x86.ActiveCfg = _DEBUG|Win32
		{1C3D60FA-15D4-46E4-8D6C-F1E7F5B5D687}._DEBUG|x86.Build.0 = _DEBUG|Win32
		{1C3D60FA-15D4-46E4-8D6C-F1E7F5B5D687}._RELEASE|x64.ActiveCfg = _RELEASE|x64
		{1C3D60FA-15D4-46E4-8D6C-F1E7F5B5D687}._RELEASE|x64.Build.0 = _RELEASE|x64
		{1C3D60FA-15D4-46E4-8D6C-F1E7F5B5D687}._RELEASE|x86.ActiveCfg = _RELEASE|Win32
		{1C3D60FA-15D4-46E4-8D6C-F1E7F5B5D687}._RELEASE|x86.Build.0 = _RELEASE|Win32
	EndGlobalSection
	GlobalSection(SolutionProperties) = preSolution
		HideSolutionNode = FALSE
	EndGlobalSection
	GlobalSection(ExtensibilityGlobals) = postSolution
		SolutionGuid = {BC91094D-29D8-4E18-B54A-3BED2B6D45B1}
	EndGlobalSection
EndGlobal
