<?xml version="1.0" encoding="utf-8"?>
<Project ToolsVersion="4.0" xmlns="http://schemas.microsoft.com/developer/msbuild/2003">
  <ItemGroup>
    <Filter Include="Resource Files">
      <UniqueIdentifier>{67DA6AB6-F800-4c08-8B7A-83BB121AAD01}</UniqueIdentifier>
      <Extensions>rc;ico;cur;bmp;dlg;rc2;rct;bin;rgs;gif;jpg;jpeg;jpe;resx;tiff;tif;png;wav;mfcribbon-ms</Extensions>
    </Filter>
    <Filter Include="Core">
      <UniqueIdentifier>{b577cda3-8361-48e2-9e8b-fccf37bed39b}</UniqueIdentifier>
    </Filter>
    <Filter Include="Components">
      <UniqueIdentifier>{c678920e-6d5d-4563-900f-f3bb678f79a8}</UniqueIdentifier>
    </Filter>
    <Filter Include="Math">
      <UniqueIdentifier>{cd2c8980-d1c9-4e78-8eed-ee0d5cd2e9d5}</UniqueIdentifier>
    </Filter>
    <Filter Include="Helpers">
      <UniqueIdentifier>{cb727dc8-9be7-476a-90aa-24e36281d5d5}</UniqueIdentifier>
    </Filter>
    <Filter Include="Scene">
      <UniqueIdentifier>{89ff41b1-f5bf-414b-bf7d-7323649b202a}</UniqueIdentifier>
    </Filter>
    <Filter Include="Helpers\Binary">
      <UniqueIdentifier>{16f760eb-62bb-4b65-bd18-50f4abc3feb2}</UniqueIdentifier>
    </Filter>
    <Filter Include="GameContext">
      <UniqueIdentifier>{07aec113-066f-463e-9c9e-49dde7257d0e}</UniqueIdentifier>
    </Filter>
    <Filter Include="Graphics">
      <UniqueIdentifier>{e540bb35-8f72-4ac1-b793-3248fac4bc97}</UniqueIdentifier>
    </Filter>
    <Filter Include="Editor">
      <UniqueIdentifier>{45f93416-70e6-4069-bb94-9f134fbadd34}</UniqueIdentifier>
    </Filter>
    <Filter Include="Editor\Windows">
      <UniqueIdentifier>{479b1804-9cf8-4e70-be14-3410b6b65d9b}</UniqueIdentifier>
    </Filter>
    <Filter Include="Editor\Windows\WindowSouth">
      <UniqueIdentifier>{b0d567ca-c453-490b-b9bf-e7bf88259842}</UniqueIdentifier>
    </Filter>
  </ItemGroup>
  <ItemGroup>
    <ClInclude Include="TeiwazEngine.h">
      <Filter>Core</Filter>
    </ClInclude>
    <ClInclude Include="SceneManager.h">
      <Filter>Scene</Filter>
    </ClInclude>
    <ClInclude Include="Scene.h">
      <Filter>Scene</Filter>
    </ClInclude>
    <ClInclude Include="SceneObject.h">
      <Filter>Scene</Filter>
    </ClInclude>
    <ClInclude Include="tyrpch.h">
      <Filter>Core</Filter>
    </ClInclude>
    <ClInclude Include="Vectors.h">
      <Filter>Math</Filter>
    </ClInclude>
    <ClInclude Include="Transform.h">
      <Filter>Math</Filter>
    </ClInclude>
    <ClInclude Include="BaseComponent.h">
      <Filter>Components</Filter>
    </ClInclude>
    <ClInclude Include="TransformComp.h">
      <Filter>Components</Filter>
    </ClInclude>
    <ClInclude Include="TextureComp.h">
      <Filter>Components</Filter>
    </ClInclude>
    <ClInclude Include="TyrEnums.h">
      <Filter>Helpers</Filter>
    </ClInclude>
    <ClInclude Include="Color.h">
      <Filter>Math</Filter>
    </ClInclude>
    <ClInclude Include="Textcomp.h">
      <Filter>Components</Filter>
    </ClInclude>
    <ClInclude Include="TyrComps.h">
      <Filter>Components</Filter>
    </ClInclude>
    <ClInclude Include="FPSComp.h">
      <Filter>Components</Filter>
    </ClInclude>
    <ClInclude Include="Texture.h">
      <Filter>Graphics</Filter>
    </ClInclude>
    <ClInclude Include="Font.h">
      <Filter>Graphics</Filter>
    </ClInclude>
    <ClInclude Include="ContentManager.h">
      <Filter>Graphics</Filter>
    </ClInclude>
    <ClInclude Include="BinaryReader.h">
      <Filter>Helpers\Binary</Filter>
    </ClInclude>
    <ClInclude Include="TyrFunctions.h">
      <Filter>Helpers</Filter>
    </ClInclude>
    <ClInclude Include="GameContext.h">
      <Filter>GameContext</Filter>
    </ClInclude>
    <ClInclude Include="InputHandler.h">
      <Filter>GameContext</Filter>
    </ClInclude>
    <ClInclude Include="Time.h">
      <Filter>GameContext</Filter>
    </ClInclude>
    <ClInclude Include="Elapser.h">
      <Filter>Helpers</Filter>
    </ClInclude>
    <ClInclude Include="Animation.h">
      <Filter>Graphics</Filter>
    </ClInclude>
    <ClInclude Include="TyrException.h">
      <Filter>Helpers</Filter>
    </ClInclude>
    <ClInclude Include="Animator.h">
      <Filter>Graphics</Filter>
    </ClInclude>
    <ClInclude Include="ColliderComp.h">
      <Filter>Components</Filter>
    </ClInclude>
    <ClInclude Include="CharacterControllerComp.h">
      <Filter>Components</Filter>
    </ClInclude>
    <ClInclude Include="Proprties.h">
      <Filter>Helpers</Filter>
    </ClInclude>
    <ClInclude Include="Physics.h">
      <Filter>GameContext</Filter>
    </ClInclude>
    <ClInclude Include="RigidBodyComp.h">
      <Filter>Components</Filter>
    </ClInclude>
    <ClInclude Include="BinaryWriter.h">
      <Filter>Helpers\Binary</Filter>
    </ClInclude>
    <ClInclude Include="BinStructureHelpers.h">
      <Filter>Helpers\Binary</Filter>
    </ClInclude>
    <ClInclude Include="Factory.h">
      <Filter>Helpers</Filter>
    </ClInclude>
    <ClInclude Include="StringManipulation.h">
      <Filter>Helpers</Filter>
    </ClInclude>
    <ClInclude Include="Player1Controller.h">
      <Filter>Components</Filter>
    </ClInclude>
    <ClInclude Include="AnimatorComp.h">
      <Filter>Components</Filter>
    </ClInclude>
    <ClInclude Include="Editor\EUI.h">
      <Filter>Editor</Filter>
    </ClInclude>
    <ClInclude Include="Editor\EWindow.h">
      <Filter>Editor\Windows</Filter>
    </ClInclude>
    <ClInclude Include="Editor\EWindowInspector.h">
      <Filter>Editor\Windows</Filter>
    </ClInclude>
    <ClInclude Include="Editor\EWindowSceneView.h">
      <Filter>Editor\Windows</Filter>
    </ClInclude>
    <ClInclude Include="Editor\EWindowSouth.h">
      <Filter>Editor\Windows\WindowSouth</Filter>
    </ClInclude>
    <ClInclude Include="Editor\EMenuBar.h">
      <Filter>Editor</Filter>
    </ClInclude>
    <ClInclude Include="Editor\ETabItem.h">
      <Filter>Editor\Windows</Filter>
    </ClInclude>
    <ClInclude Include="Editor\ETabScenes.h">
      <Filter>Editor\Windows\WindowSouth</Filter>
    </ClInclude>
    <ClInclude Include="Editor\EAnimation.h">
      <Filter>Editor\Windows</Filter>
    </ClInclude>
    <ClInclude Include="TyrTypedefs.h">
      <Filter>Helpers</Filter>
    </ClInclude>
    <ClInclude Include="Editor\ETabAnimations.h">
      <Filter>Editor\Windows\WindowSouth</Filter>
    </ClInclude>
  </ItemGroup>
  <ItemGroup>
    <ClCompile Include="TeiwazEngine.cpp">
      <Filter>Core</Filter>
    </ClCompile>
    <ClCompile Include="SceneManager.cpp">
      <Filter>Scene</Filter>
    </ClCompile>
    <ClCompile Include="Scene.cpp">
      <Filter>Scene</Filter>
    </ClCompile>
    <ClCompile Include="SceneObject.cpp">
      <Filter>Scene</Filter>
    </ClCompile>
    <ClCompile Include="tyrpch.cpp">
      <Filter>Core</Filter>
    </ClCompile>
    <ClCompile Include="Vectors.cpp">
      <Filter>Math</Filter>
    </ClCompile>
    <ClCompile Include="BaseComponent.cpp">
      <Filter>Components</Filter>
    </ClCompile>
    <ClCompile Include="TransformComp.cpp">
      <Filter>Components</Filter>
    </ClCompile>
    <ClCompile Include="TextureComp.cpp">
      <Filter>Components</Filter>
    </ClCompile>
    <ClCompile Include="Color.cpp">
      <Filter>Math</Filter>
    </ClCompile>
    <ClCompile Include="Textcomp.cpp">
      <Filter>Components</Filter>
    </ClCompile>
    <ClCompile Include="FPSComp.cpp">
      <Filter>Components</Filter>
    </ClCompile>
    <ClCompile Include="Texture.cpp">
      <Filter>Graphics</Filter>
    </ClCompile>
    <ClCompile Include="Font.cpp">
      <Filter>Graphics</Filter>
    </ClCompile>
    <ClCompile Include="ContentManager.cpp">
      <Filter>Graphics</Filter>
    </ClCompile>
    <ClCompile Include="BinaryReader.cpp">
      <Filter>Helpers\Binary</Filter>
    </ClCompile>
    <ClCompile Include="GameContext.cpp">
      <Filter>GameContext</Filter>
    </ClCompile>
    <ClCompile Include="InputHandler.cpp">
      <Filter>GameContext</Filter>
    </ClCompile>
    <ClCompile Include="Time.cpp">
      <Filter>GameContext</Filter>
    </ClCompile>
    <ClCompile Include="Elapser.cpp">
      <Filter>Helpers</Filter>
    </ClCompile>
    <ClCompile Include="Animation.cpp">
      <Filter>Graphics</Filter>
    </ClCompile>
    <ClCompile Include="TyrException.cpp">
      <Filter>Helpers</Filter>
    </ClCompile>
    <ClCompile Include="Animator.cpp">
      <Filter>Graphics</Filter>
    </ClCompile>
    <ClCompile Include="ColliderComp.cpp">
      <Filter>Components</Filter>
    </ClCompile>
    <ClCompile Include="CharacterControllerComp.cpp">
      <Filter>Components</Filter>
    </ClCompile>
    <ClCompile Include="Physics.cpp">
      <Filter>GameContext</Filter>
    </ClCompile>
    <ClCompile Include="RigidBodyComp.cpp">
      <Filter>Components</Filter>
    </ClCompile>
    <ClCompile Include="BinaryWriter.cpp">
      <Filter>Helpers\Binary</Filter>
    </ClCompile>
    <ClCompile Include="Transform.cpp">
      <Filter>Math</Filter>
    </ClCompile>
    <ClCompile Include="Factory.cpp">
      <Filter>Helpers</Filter>
    </ClCompile>
    <ClCompile Include="Player1Controller.cpp">
      <Filter>Components</Filter>
    </ClCompile>
    <ClCompile Include="AnimatorComp.cpp">
      <Filter>Components</Filter>
    </ClCompile>
    <ClCompile Include="Editor\EUI.cpp">
      <Filter>Editor</Filter>
    </ClCompile>
    <ClCompile Include="Editor\EWindow.cpp">
      <Filter>Editor\Windows</Filter>
    </ClCompile>
    <ClCompile Include="Editor\EWindowInspector.cpp">
      <Filter>Editor\Windows</Filter>
    </ClCompile>
    <ClCompile Include="Editor\EWindowSceneView.cpp">
      <Filter>Editor\Windows</Filter>
    </ClCompile>
    <ClCompile Include="Editor\EWindowSouth.cpp">
      <Filter>Editor\Windows\WindowSouth</Filter>
    </ClCompile>
    <ClCompile Include="Editor\EMenuBar.cpp">
      <Filter>Editor</Filter>
    </ClCompile>
    <ClCompile Include="Editor\ETabItem.cpp">
      <Filter>Editor\Windows</Filter>
    </ClCompile>
    <ClCompile Include="Editor\ETabScenes.cpp">
      <Filter>Editor\Windows\WindowSouth</Filter>
    </ClCompile>
    <ClCompile Include="Editor\EAnimation.cpp">
      <Filter>Editor\Windows</Filter>
    </ClCompile>
    <ClCompile Include="Editor\ETabAnimations.cpp">
      <Filter>Editor\Windows\WindowSouth</Filter>
    </ClCompile>
  </ItemGroup>
</Project>